
Microsoft Visual Studio Solution File, Format Version 12.00
# Visual Studio 15
VisualStudioVersion = 15.0.28010.2003
MinimumVisualStudioVersion = 10.0.40219.1
Project("{FAE04EC0-301F-11D3-BF4B-00C04F79EFBC}") = "TestProject_3oct", "TestProject_3oct\TestProject_3oct.csproj", "{E5E79A37-FB24-4BF1-AEE4-045E57610D3C}"
EndProject
Global
	GlobalSection(SolutionConfigurationPlatforms) = preSolution
		Debug|Any CPU = Debug|Any CPU
		Release|Any CPU = Release|Any CPU
	EndGlobalSection
	GlobalSection(ProjectConfigurationPlatforms) = postSolution
		{E5E79A37-FB24-4BF1-AEE4-045E57610D3C}.Debug|Any CPU.ActiveCfg = Debug|Any CPU
		{E5E79A37-FB24-4BF1-AEE4-045E57610D3C}.Debug|Any CPU.Build.0 = Debug|Any CPU
		{E5E79A37-FB24-4BF1-AEE4-045E57610D3C}.Release|Any CPU.ActiveCfg = Release|Any CPU
		{E5E79A37-FB24-4BF1-AEE4-045E57610D3C}.Release|Any CPU.Build.0 = Release|Any CPU
	EndGlobalSection
	GlobalSection(SolutionProperties) = preSolution
		HideSolutionNode = FALSE
	EndGlobalSection
	GlobalSection(ExtensibilityGlobals) = postSolution
		SolutionGuid = {2981236B-F3EC-45DB-BC75-BF7682C159C8}
	EndGlobalSection
EndGlobal
